{
  "nodes": {
    "crane": {
      "flake": false,
      "locked": {
        "lastModified": 1670900067,
        "narHash": "sha256-VXVa+KBfukhmWizaiGiHRVX/fuk66P8dgSFfkVN4/MY=",
        "owner": "ipetkov",
        "repo": "crane",
        "rev": "59b31b41a589c0a65e4a1f86b0e5eac68081468b",
        "type": "github"
      },
      "original": {
        "owner": "ipetkov",
        "repo": "crane",
        "type": "github"
      }
    },
    "devenv": {
      "inputs": {
        "flake-compat": "flake-compat",
        "nix": "nix",
        "nixpkgs": "nixpkgs",
        "pre-commit-hooks": "pre-commit-hooks"
      },
      "locked": {
        "lastModified": 1679315774,
        "narHash": "sha256-vflBVlzqGABkEbI+hS6jX+VQHDDdyL4lEToOBW8+weI=",
        "owner": "cachix",
        "repo": "devenv",
        "rev": "71f5c3c4344c9ef3d065de85386b5481c8f26abb",
        "type": "github"
      },
      "original": {
        "owner": "cachix",
        "repo": "devenv",
        "type": "github"
      }
    },
    "dream2nix": {
      "inputs": {
        "alejandra": [
          "helix",
          "nci"
        ],
        "all-cabal-json": [
          "helix",
          "nci"
        ],
        "crane": "crane",
        "devshell": [
          "helix",
          "nci"
        ],
        "flake-parts": [
          "helix",
          "nci",
          "parts"
        ],
        "flake-utils-pre-commit": [
          "helix",
          "nci"
        ],
        "ghc-utils": [
          "helix",
          "nci"
        ],
        "gomod2nix": [
          "helix",
          "nci"
        ],
        "mach-nix": [
          "helix",
          "nci"
        ],
        "nix-pypi-fetcher": [
          "helix",
          "nci"
        ],
        "nixpkgs": [
          "helix",
          "nci",
          "nixpkgs"
        ],
        "poetry2nix": [
          "helix",
          "nci"
        ],
        "pre-commit-hooks": [
          "helix",
          "nci"
        ],
        "pruned-racket-catalog": [
          "helix",
          "nci"
        ]
      },
      "locked": {
        "lastModified": 1677289985,
        "narHash": "sha256-lUp06cTTlWubeBGMZqPl9jODM99LpWMcwxRiscFAUJg=",
        "owner": "nix-community",
        "repo": "dream2nix",
        "rev": "28b973a8d4c30cc1cbb3377ea2023a76bc3fb889",
        "type": "github"
      },
      "original": {
        "owner": "nix-community",
        "repo": "dream2nix",
        "type": "github"
      }
    },
    "flake-compat": {
      "flake": false,
      "locked": {
        "lastModified": 1673956053,
        "narHash": "sha256-4gtG9iQuiKITOjNQQeQIpoIB6b16fm+504Ch3sNKLd8=",
        "owner": "edolstra",
        "repo": "flake-compat",
        "rev": "35bb57c0c8d8b62bbfd284272c928ceb64ddbde9",
        "type": "github"
      },
      "original": {
        "owner": "edolstra",
        "repo": "flake-compat",
        "type": "github"
      }
    },
    "flake-parts": {
      "inputs": {
        "nixpkgs-lib": "nixpkgs-lib"
      },
      "locked": {
        "lastModified": 1678379998,
        "narHash": "sha256-TZdfNqftHhDuIFwBcN9MUThx5sQXCTeZk9je5byPKRw=",
        "owner": "hercules-ci",
        "repo": "flake-parts",
        "rev": "c13d60b89adea3dc20704c045ec4d50dd964d447",
        "type": "github"
      },
      "original": {
        "id": "flake-parts",
        "type": "indirect"
      }
    },
    "flake-utils": {
      "locked": {
        "lastModified": 1667395993,
        "narHash": "sha256-nuEHfE/LcWyuSWnS8t12N1wc105Qtau+/OdUAjtQ0rA=",
        "owner": "numtide",
        "repo": "flake-utils",
        "rev": "5aed5285a952e0b949eb3ba02c12fa4fcfef535f",
        "type": "github"
      },
      "original": {
        "owner": "numtide",
        "repo": "flake-utils",
        "type": "github"
      }
    },
    "flake-utils_2": {
      "locked": {
        "lastModified": 1659877975,
        "narHash": "sha256-zllb8aq3YO3h8B/U0/J1WBgAL8EX5yWf5pMj3G0NAmc=",
        "owner": "numtide",
        "repo": "flake-utils",
        "rev": "c0e246b9b83f637f4681389ecabcb2681b4f3af0",
        "type": "github"
      },
      "original": {
        "owner": "numtide",
        "repo": "flake-utils",
        "type": "github"
      }
    },
    "flake-utils_3": {
      "locked": {
        "lastModified": 1678901627,
        "narHash": "sha256-U02riOqrKKzwjsxc/400XnElV+UtPUQWpANPlyazjH0=",
        "owner": "numtide",
        "repo": "flake-utils",
        "rev": "93a2b84fc4b70d9e089d029deacc3583435c2ed6",
        "type": "github"
      },
      "original": {
        "owner": "numtide",
        "repo": "flake-utils",
        "type": "github"
      }
    },
    "gitignore": {
      "inputs": {
        "nixpkgs": [
          "devenv",
          "pre-commit-hooks",
          "nixpkgs"
        ]
      },
      "locked": {
        "lastModified": 1660459072,
        "narHash": "sha256-8DFJjXG8zqoONA1vXtgeKXy68KdJL5UaXR8NtVMUbx8=",
        "owner": "hercules-ci",
        "repo": "gitignore.nix",
        "rev": "a20de23b925fd8264fd7fad6454652e142fd7f73",
        "type": "github"
      },
      "original": {
        "owner": "hercules-ci",
        "repo": "gitignore.nix",
        "type": "github"
      }
    },
    "helix": {
      "inputs": {
        "nci": "nci",
        "nixpkgs": "nixpkgs_2",
        "parts": "parts_2",
        "rust-overlay": "rust-overlay"
      },
      "locked": {
        "lastModified": 1679156200,
        "narHash": "sha256-mSY03t+ZmbQoxYUTNVodtwIS3q6ROi8cgALJxTSbcAY=",
        "owner": "helix-editor",
        "repo": "helix",
        "rev": "770496511c67cf276f0b0a292e7a82fbd1b5f778",
        "type": "github"
      },
      "original": {
        "owner": "helix-editor",
        "repo": "helix",
        "type": "github"
      }
    },
    "home-manager": {
      "inputs": {
        "nixpkgs": [
          "nixpkgs"
        ],
        "utils": "utils"
      },
      "locked": {
        "lastModified": 1679067101,
        "narHash": "sha256-tMI1inGT9u4KWQml0w30dhWqQPlth1e9K/68sfDkEQA=",
        "owner": "nix-community",
        "repo": "home-manager",
        "rev": "9154cd519a8942728038819682d6b3ff33f321bb",
        "type": "github"
      },
      "original": {
        "owner": "nix-community",
        "ref": "release-22.11",
        "repo": "home-manager",
        "type": "github"
      }
    },
    "lowdown-src": {
      "flake": false,
      "locked": {
        "lastModified": 1633514407,
        "narHash": "sha256-Dw32tiMjdK9t3ETl5fzGrutQTzh2rufgZV4A/BbxuD4=",
        "owner": "kristapsdz",
        "repo": "lowdown",
        "rev": "d2c2b44ff6c27b936ec27358a2653caaef8f73b8",
        "type": "github"
      },
      "original": {
        "owner": "kristapsdz",
        "repo": "lowdown",
        "type": "github"
      }
    },
    "mk-naked-shell": {
      "flake": false,
      "locked": {
        "lastModified": 1676572903,
        "narHash": "sha256-oQoDHHUTxNVSURfkFcYLuAK+btjs30T4rbEUtCUyKy8=",
        "owner": "yusdacra",
        "repo": "mk-naked-shell",
        "rev": "aeca9f8aa592f5e8f71f407d081cb26fd30c5a57",
        "type": "github"
      },
      "original": {
        "owner": "yusdacra",
        "repo": "mk-naked-shell",
        "type": "github"
      }
    },
    "nci": {
      "inputs": {
        "dream2nix": "dream2nix",
        "mk-naked-shell": "mk-naked-shell",
        "nixpkgs": [
          "helix",
          "nixpkgs"
        ],
        "parts": "parts",
        "rust-overlay": [
          "helix",
          "rust-overlay"
        ]
      },
      "locked": {
        "lastModified": 1677297103,
        "narHash": "sha256-ArlJIbp9NGV9yvhZdV0SOUFfRlI/kHeKoCk30NbSiLc=",
        "owner": "yusdacra",
        "repo": "nix-cargo-integration",
        "rev": "a79272a2cb0942392bb3a5bf9a3ec6bc568795b2",
        "type": "github"
      },
      "original": {
        "owner": "yusdacra",
        "repo": "nix-cargo-integration",
        "type": "github"
      }
    },
    "nil": {
      "inputs": {
        "flake-utils": "flake-utils_3",
        "nixpkgs": [
          "nixpkgs"
        ],
        "rust-overlay": "rust-overlay_2"
      },
      "locked": {
        "lastModified": 1678728829,
        "narHash": "sha256-KbA8uakGfjfvRH+Td/VegiLdHrnqIZHkMTQ5XBjL2dE=",
        "owner": "oxalica",
        "repo": "nil",
        "rev": "e7045f1779fd202a3316f84b864c304f339cccea",
        "type": "github"
      },
      "original": {
        "owner": "oxalica",
        "repo": "nil",
        "type": "github"
      }
    },
    "nix": {
      "inputs": {
        "lowdown-src": "lowdown-src",
        "nixpkgs": [
          "devenv",
          "nixpkgs"
        ],
        "nixpkgs-regression": "nixpkgs-regression"
      },
      "locked": {
        "lastModified": 1676545802,
        "narHash": "sha256-EK4rZ+Hd5hsvXnzSzk2ikhStJnD63odF7SzsQ8CuSPU=",
        "owner": "domenkozar",
        "repo": "nix",
        "rev": "7c91803598ffbcfe4a55c44ac6d49b2cf07a527f",
        "type": "github"
      },
      "original": {
        "owner": "domenkozar",
        "ref": "relaxed-flakes",
        "repo": "nix",
        "type": "github"
      }
    },
    "nixos-hardware": {
      "locked": {
        "lastModified": 1679224149,
        "narHash": "sha256-TSY37Zv0icF/aijR3/KWGLVBlnKKHlG9QTj7vHbF/UU=",
        "owner": "NixOS",
        "repo": "nixos-hardware",
        "rev": "a4bc66709604ab78abc575b60baa6d23ae027a59",
        "type": "github"
      },
      "original": {
        "owner": "NixOS",
        "ref": "master",
        "repo": "nixos-hardware",
        "type": "github"
      }
    },
    "nixpkgs": {
      "locked": {
        "lastModified": 1678875422,
        "narHash": "sha256-T3o6NcQPwXjxJMn2shz86Chch4ljXgZn746c2caGxd8=",
        "owner": "NixOS",
        "repo": "nixpkgs",
        "rev": "126f49a01de5b7e35a43fd43f891ecf6d3a51459",
        "type": "github"
      },
      "original": {
        "owner": "NixOS",
        "ref": "nixpkgs-unstable",
        "repo": "nixpkgs",
        "type": "github"
      }
    },
    "nixpkgs-lib": {
      "locked": {
        "dir": "lib",
        "lastModified": 1678375444,
        "narHash": "sha256-XIgHfGvjFvZQ8hrkfocanCDxMefc/77rXeHvYdzBMc8=",
        "owner": "NixOS",
        "repo": "nixpkgs",
        "rev": "130fa0baaa2b93ec45523fdcde942f6844ee9f6e",
        "type": "github"
      },
      "original": {
        "dir": "lib",
        "owner": "NixOS",
        "ref": "nixos-unstable",
        "repo": "nixpkgs",
        "type": "github"
      }
    },
    "nixpkgs-lib_2": {
      "locked": {
        "dir": "lib",
        "lastModified": 1675183161,
        "narHash": "sha256-Zq8sNgAxDckpn7tJo7V1afRSk2eoVbu3OjI1QklGLNg=",
        "owner": "NixOS",
        "repo": "nixpkgs",
        "rev": "e1e1b192c1a5aab2960bf0a0bd53a2e8124fa18e",
        "type": "github"
      },
      "original": {
        "dir": "lib",
        "owner": "NixOS",
        "ref": "nixos-unstable",
        "repo": "nixpkgs",
        "type": "github"
      }
    },
    "nixpkgs-regression": {
      "locked": {
        "lastModified": 1643052045,
        "narHash": "sha256-uGJ0VXIhWKGXxkeNnq4TvV3CIOkUJ3PAoLZ3HMzNVMw=",
        "owner": "NixOS",
        "repo": "nixpkgs",
        "rev": "215d4d0fd80ca5163643b03a33fde804a29cc1e2",
        "type": "github"
      },
      "original": {
        "owner": "NixOS",
        "repo": "nixpkgs",
        "rev": "215d4d0fd80ca5163643b03a33fde804a29cc1e2",
        "type": "github"
      }
    },
    "nixpkgs-stable": {
      "locked": {
        "lastModified": 1673800717,
        "narHash": "sha256-SFHraUqLSu5cC6IxTprex/nTsI81ZQAtDvlBvGDWfnA=",
        "owner": "NixOS",
        "repo": "nixpkgs",
        "rev": "2f9fd351ec37f5d479556cd48be4ca340da59b8f",
        "type": "github"
      },
      "original": {
        "owner": "NixOS",
        "ref": "nixos-22.11",
        "repo": "nixpkgs",
        "type": "github"
      }
    },
    "nixpkgs_2": {
      "locked": {
        "lastModified": 1677063315,
        "narHash": "sha256-qiB4ajTeAOVnVSAwCNEEkoybrAlA+cpeiBxLobHndE8=",
        "owner": "nixos",
        "repo": "nixpkgs",
        "rev": "988cc958c57ce4350ec248d2d53087777f9e1949",
        "type": "github"
      },
      "original": {
        "owner": "nixos",
        "ref": "nixos-unstable",
        "repo": "nixpkgs",
        "type": "github"
      }
    },
    "nixpkgs_3": {
      "locked": {
        "lastModified": 1679172431,
        "narHash": "sha256-XEh5gIt5otaUbEAPUY5DILUTyWe1goAyeqQtmwaFPyI=",
        "owner": "nixos",
        "repo": "nixpkgs",
        "rev": "1603d11595a232205f03d46e635d919d1e1ec5b9",
        "type": "github"
      },
      "original": {
        "owner": "nixos",
        "ref": "nixos-unstable",
        "repo": "nixpkgs",
        "type": "github"
      }
    },
    "parts": {
      "inputs": {
        "nixpkgs-lib": [
          "helix",
          "nci",
          "nixpkgs"
        ]
      },
      "locked": {
        "lastModified": 1675933616,
        "narHash": "sha256-/rczJkJHtx16IFxMmAWu5nNYcSXNg1YYXTHoGjLrLUA=",
        "owner": "hercules-ci",
        "repo": "flake-parts",
        "rev": "47478a4a003e745402acf63be7f9a092d51b83d7",
        "type": "github"
      },
      "original": {
        "owner": "hercules-ci",
        "repo": "flake-parts",
        "type": "github"
      }
    },
    "parts_2": {
      "inputs": {
        "nixpkgs-lib": "nixpkgs-lib_2"
      },
      "locked": {
        "lastModified": 1675933616,
        "narHash": "sha256-/rczJkJHtx16IFxMmAWu5nNYcSXNg1YYXTHoGjLrLUA=",
        "owner": "hercules-ci",
        "repo": "flake-parts",
        "rev": "47478a4a003e745402acf63be7f9a092d51b83d7",
        "type": "github"
      },
      "original": {
        "owner": "hercules-ci",
        "repo": "flake-parts",
        "type": "github"
      }
    },
    "pre-commit-hooks": {
      "inputs": {
        "flake-compat": [
          "devenv",
          "flake-compat"
        ],
        "flake-utils": "flake-utils",
        "gitignore": "gitignore",
        "nixpkgs": [
          "devenv",
          "nixpkgs"
        ],
        "nixpkgs-stable": "nixpkgs-stable"
      },
      "locked": {
        "lastModified": 1678376203,
        "narHash": "sha256-3tyYGyC8h7fBwncLZy5nCUjTJPrHbmNwp47LlNLOHSM=",
        "owner": "cachix",
        "repo": "pre-commit-hooks.nix",
        "rev": "1a20b9708962096ec2481eeb2ddca29ed747770a",
        "type": "github"
      },
      "original": {
        "owner": "cachix",
        "repo": "pre-commit-hooks.nix",
        "type": "github"
      }
    },
    "root": {
      "inputs": {
        "devenv": "devenv",
        "flake-parts": "flake-parts",
        "helix": "helix",
        "home-manager": "home-manager",
        "nil": "nil",
        "nixos-hardware": "nixos-hardware",
        "nixpkgs": "nixpkgs_3"
      }
    },
    "rust-overlay": {
      "inputs": {
        "flake-utils": "flake-utils_2",
        "nixpkgs": [
          "helix",
          "nixpkgs"
        ]
      },
      "locked": {
        "lastModified": 1677292251,
        "narHash": "sha256-D+6q5Z2MQn3UFJtqsM5/AvVHi3NXKZTIMZt1JGq/spA=",
        "owner": "oxalica",
        "repo": "rust-overlay",
        "rev": "34cdbf6ad480ce13a6a526f57d8b9e609f3d65dc",
        "type": "github"
      },
      "original": {
        "owner": "oxalica",
        "repo": "rust-overlay",
        "type": "github"
      }
    },
    "rust-overlay_2": {
      "inputs": {
        "flake-utils": [
          "nil",
          "flake-utils"
        ],
        "nixpkgs": [
          "nil",
          "nixpkgs"
        ]
      },
      "locked": {
        "lastModified": 1678415622,
        "narHash": "sha256-tems1jHETCYEen8QrW61yVVX0F4zOGy4ImB43iDc7bY=",
        "owner": "oxalica",
        "repo": "rust-overlay",
        "rev": "9f687941160108f89dd8bd2c650d32c15a35c7c7",
        "type": "github"
      },
      "original": {
        "owner": "oxalica",
        "repo": "rust-overlay",
        "type": "github"
      }
    },
    "utils": {
      "locked": {
        "lastModified": 1678901627,
        "narHash": "sha256-U02riOqrKKzwjsxc/400XnElV+UtPUQWpANPlyazjH0=",
        "owner": "numtide",
        "repo": "flake-utils",
        "rev": "93a2b84fc4b70d9e089d029deacc3583435c2ed6",
        "type": "github"
      },
      "original": {
        "owner": "numtide",
        "repo": "flake-utils",
        "type": "github"
      }
    }
  },
  "root": "root",
  "version": 7
}
